
Microsoft Visual Studio Solution File, Format Version 12.00
# Visual Studio Version 16
VisualStudioVersion = 16.0.30907.101
MinimumVisualStudioVersion = 10.0.40219.1
Project("{FAE04EC0-301F-11D3-BF4B-00C04F79EFBC}") = "VaporIDE", "VaporIDE\VaporIDE.csproj", "{C140DE17-EC78-48E2-8D92-26D3990911AB}"
EndProject
Global
	GlobalSection(SolutionConfigurationPlatforms) = preSolution
		Debug|Any CPU = Debug|Any CPU
		Release|Any CPU = Release|Any CPU
	EndGlobalSection
	GlobalSection(ProjectConfigurationPlatforms) = postSolution
		{C140DE17-EC78-48E2-8D92-26D3990911AB}.Debug|Any CPU.ActiveCfg = Debug|Any CPU
		{C140DE17-EC78-48E2-8D92-26D3990911AB}.Debug|Any CPU.Build.0 = Debug|Any CPU
		{C140DE17-EC78-48E2-8D92-26D3990911AB}.Release|Any CPU.ActiveCfg = Release|Any CPU
		{C140DE17-EC78-48E2-8D92-26D3990911AB}.Release|Any CPU.Build.0 = Release|Any CPU
	EndGlobalSection
	GlobalSection(SolutionProperties) = preSolution
		HideSolutionNode = FALSE
	EndGlobalSection
	GlobalSection(ExtensibilityGlobals) = postSolution
		SolutionGuid = {12CD56C8-3432-4235-8C2B-BD4D2F875A7E}
	EndGlobalSection
EndGlobal
